
Microsoft Visual Studio Solution File, Format Version 12.00
# Visual Studio Version 16
VisualStudioVersion = 16.0.30711.63
MinimumVisualStudioVersion = 10.0.40219.1
Project("{8BC9CEB8-8B4A-11D0-8D11-00A0C91BC942}") = "HammingOne", "HammingOne\HammingOne.vcxproj", "{6C8A79AE-76EB-4BBC-941E-09F61063F183}"
EndProject
Global
	GlobalSection(SolutionConfigurationPlatforms) = preSolution
		Debug|x64 = Debug|x64
		Release|x64 = Release|x64
	EndGlobalSection
	GlobalSection(ProjectConfigurationPlatforms) = postSolution
		{6C8A79AE-76EB-4BBC-941E-09F61063F183}.Debug|x64.ActiveCfg = Debug|x64
		{6C8A79AE-76EB-4BBC-941E-09F61063F183}.Debug|x64.Build.0 = Debug|x64
		{6C8A79AE-76EB-4BBC-941E-09F61063F183}.Release|x64.ActiveCfg = Release|x64
		{6C8A79AE-76EB-4BBC-941E-09F61063F183}.Release|x64.Build.0 = Release|x64
	EndGlobalSection
	GlobalSection(SolutionProperties) = preSolution
		HideSolutionNode = FALSE
	EndGlobalSection
	GlobalSection(ExtensibilityGlobals) = postSolution
		SolutionGuid = {4F82EECD-AF92-4950-B146-D0FEFA5C3FFF}
	EndGlobalSection
EndGlobal
